{
  "version": 2,
  "dependencies": {
    ".NETCoreApp,Version=v3.1": {
      "Microsoft.Azure.WebJobs.Host.TestCommon": {
        "type": "Direct",
        "requested": "[3.0.30, )",
        "resolved": "3.0.30",
        "contentHash": "ZfIRFjUfQMR1B5SpSROOBPBAJ+WK2oH4e4bQUug8YkVyHLDyIM7WnTE+hyxT5ygzzsTF6pHgOPhu6BN0xNUR5w==",
        "dependencies": {
          "Microsoft.Azure.Storage.Blob": "11.1.7",
          "Microsoft.Azure.Storage.Queue": "11.1.7",
          "Microsoft.Azure.WebJobs": "3.0.30",
          "Microsoft.Extensions.Logging": "2.1.1",
          "Microsoft.NET.Test.Sdk": "15.5.0",
          "xunit": "2.3.1",
          "xunit.runner.visualstudio": "2.3.1"
        }
      },
      "Microsoft.NET.Test.Sdk": {
        "type": "Direct",
        "requested": "[17.4.0, )",
        "resolved": "17.4.0",
        "contentHash": "VtNZQ83ntG2aEUjy1gq6B4HNdn96se6FmdY/03At8WiqDReGrApm6OB2fNiSHz9D6IIEtWtNZ2FSH0RJDVXl/w==",
        "dependencies": {
          "Microsoft.CodeCoverage": "17.4.0",
          "Microsoft.TestPlatform.TestHost": "17.4.0"
        }
      },
      "Moq": {
        "type": "Direct",
        "requested": "[4.18.2, )",
        "resolved": "4.18.2",
        "contentHash": "SjxKYS5nX6prcaT8ZjbkONh3vnh0Rxru09+gQ1a07v4TM530Oe/jq3Q4dOZPfo1wq0LYmTgLOZKrqRfEx4auPw==",
        "dependencies": {
          "Castle.Core": "5.1.0"
        }
      },
      "xunit.core": {
        "type": "Direct",
        "requested": "[2.3.1, )",
        "resolved": "2.3.1",
        "contentHash": "LOG4qOFuVQcjYcIuZbKeo03Uvng3lSb2gZJU9ANljwCf+PTd//iAMZS5qcJQZrjhndc4aOUlJGQy5wa0+/iZ6w==",
        "dependencies": {
          "xunit.extensibility.core": "[2.3.1]",
          "xunit.extensibility.execution": "[2.3.1]"
        }
      },
      "xunit.extensibility.core": {
        "type": "Direct",
        "requested": "[2.3.1, )",
        "resolved": "2.3.1",
        "contentHash": "1mgYqXeQfU+7zcSRW8/5Uf1jVZ5+5WELmi+BuRTh0xu/x0Q0gK0SuR3FLUF4BSd8sfZzvrRUrhWj3ltpyFxhrg==",
        "dependencies": {
          "NETStandard.Library": "1.6.1",
          "xunit.abstractions": "2.0.1"
        }
      },
      "xunit.runner.visualstudio": {
        "type": "Direct",
        "requested": "[2.3.1, )",
        "resolved": "2.3.1",
        "contentHash": "B+RtW4dyBquEyjSAFyV5RMifaOZOirDwlzcIq2DNVGo1gzJS8PAPu5S+2y1n6ZgEMWbpqJf9TkZ55+X6FLdy3A==",
        "dependencies": {
          "Microsoft.NET.Test.Sdk": "15.0.0"
        }
      },
      "Azure.Core": {
        "type": "Transitive",
        "resolved": "1.22.0",
        "contentHash": "ze/xRCHSSDe5TIk5vBDbVrauW1EN7UIbnBvIBfMH8KSt/I9+/7yPAjTBDgNBk0IwG6WBV+BBHp4IUtS/PGAQwQ==",
        "dependencies": {
          "Microsoft.Bcl.AsyncInterfaces": "1.1.1",
          "System.Diagnostics.DiagnosticSource": "4.6.0",
          "System.Memory.Data": "1.0.2",
          "System.Numerics.Vectors": "4.5.0",
          "System.Text.Encodings.Web": "4.7.2",
          "System.Text.Json": "4.7.2",
          "System.Threading.Tasks.Extensions": "4.5.4"
        }
      },
      "Azure.Data.Tables": {
        "type": "Transitive",
        "resolved": "12.5.0",
        "contentHash": "XeIxPf+rF1NXkX3NJSB0ZTNgU233vyPXGmaFsR0lUVibtWP/lj+Qu1FcPxoslURcX0KC+UgTb226nqVdHjoweQ==",
        "dependencies": {
          "Azure.Core": "1.22.0",
          "System.Text.Json": "4.7.2"
        }
      },
      "Azure.Identity": {
        "type": "Transitive",
        "resolved": "1.3.0",
        "contentHash": "l1SYfZKOFBuUFG7C2SWHmJcrQQaiXgBdVCycx4vcZQkC6efDVt7mzZ5pfJAFEJDBUq7mjRQ0RPq9ZDGdSswqMg==",
        "dependencies": {
          "Azure.Core": "1.6.0",
          "Microsoft.Identity.Client": "4.22.0",
          "Microsoft.Identity.Client.Extensions.Msal": "2.16.5",
          "System.Memory": "4.5.3",
          "System.Security.Cryptography.ProtectedData": "4.5.0",
          "System.Text.Json": "4.6.0",
          "System.Threading.Tasks.Extensions": "4.5.2"
        }
      },
      "Azure.Storage.Blobs": {
        "type": "Transitive",
        "resolved": "12.10.0",
        "contentHash": "yaijs9DPfn34C/X4TX+0TAxANEhuKSrFE650gkF9g1pz/nQljv86zOOtDwNwD5UsAY5LyrOiCASGo2dhuIxvdg==",
        "dependencies": {
          "Azure.Storage.Common": "12.9.0",
          "System.Text.Json": "4.6.0"
        }
      },
      "Azure.Storage.Common": {
        "type": "Transitive",
        "resolved": "12.9.0",
        "contentHash": "GuoigTmzz9HrCGdcdu7LyjD4pDr2XPt72LlWWTDyno+nYrjyuNwpwRFBvK/brxJvQFRHofQcBskf8vOxVxnI8g==",
        "dependencies": {
          "Azure.Core": "1.19.0"
        }
      },
      "Azure.Storage.Queues": {
        "type": "Transitive",
        "resolved": "12.8.0",
        "contentHash": "YR60fGZHXfUDffSq0zG7RIk9M0LQsS0FNDyslmuP0YS+sOl93TKQXV1wYSROg64VrJoXfLAqP1jRIaeLEhQ/hw==",
        "dependencies": {
          "Azure.Storage.Common": "12.9.0",
          "System.Memory.Data": "1.0.2",
          "System.Text.Json": "4.6.0"
        }
      },
      "Castle.Core": {
        "type": "Transitive",
        "resolved": "5.1.0",
        "contentHash": "31UJpTHOiWq95CDOHazE3Ub/hE/PydNWsJMwnEVTqFFP4WhAugwpaVGxzOxKgNeSUUeqS2W6lxV+q7u1pAOfXg==",
        "dependencies": {
          "System.Diagnostics.EventLog": "4.7.0"
        }
      },
      "Microsoft.Azure.KeyVault.Core": {
        "type": "Transitive",
        "resolved": "2.0.4",
        "contentHash": "BSdPbmZ1BvptdfgECniezEwfQLAyT11MsOm4btXdswjIm8BkLK9eX//yO8ExlafErJg1tAKpCxfNyLTHSlXJvA==",
        "dependencies": {
          "System.Runtime": "4.1.0",
          "System.Threading.Tasks": "4.0.11"
        }
      },
      "Microsoft.Azure.Kusto.Cloud.Platform": {
        "type": "Transitive",
        "resolved": "11.0.0",
        "contentHash": "+pXkCv8St/hkldUdMVMhyGCA8/Hq/2dFjpuH1mTiJ8iXNbf7rvYzDnQPjqSshx+PWSncf6ddTrfyWhrUxYm/Eg==",
        "dependencies": {
          "Microsoft.CSharp": "4.5.0",
          "Microsoft.Data.SqlClient": "2.1.1",
          "Microsoft.IO.RecyclableMemoryStream": "2.2.0",
          "Newtonsoft.Json": "13.0.1",
          "System.Collections.Immutable": "5.0.0",
          "System.Security.AccessControl": "5.0.0",
          "System.Security.Principal.Windows": "5.0.0"
        }
      },
      "Microsoft.Azure.Kusto.Cloud.Platform.Aad": {
        "type": "Transitive",
        "resolved": "11.0.0",
        "contentHash": "qkuy4AP0yk9q7hzOoWT0QImnIxQzR2Afot6OYMOXVyE+jKrW3VuS5CwO+8xBAwqZZTzOWrAzyEaOYHW6CF/oug==",
        "dependencies": {
          "Azure.Core": "1.20.0",
          "Azure.Identity": "1.3.0",
          "Microsoft.Azure.Kusto.Cloud.Platform": "11.0.0",
          "Microsoft.Identity.Client": "4.45.0"
        }
      },
      "Microsoft.Azure.Kusto.Data": {
        "type": "Transitive",
        "resolved": "11.0.0",
        "contentHash": "OcmHar2jOhEOyXLoqBPtyOE1+xEKvDdFyuEkfGrHRn6ZSkHeTeUIefVh9zZ6iV6H0fFVlnAqOfuXYNwDLLxdOQ==",
        "dependencies": {
          "Microsoft.Azure.Kusto.Cloud.Platform": "11.0.0",
          "Microsoft.Azure.Kusto.Cloud.Platform.Aad": "11.0.0",
          "Microsoft.Identity.Client": "4.46.0",
          "Microsoft.Identity.Client.Extensions.Msal": "2.23.0"
        }
      },
      "Microsoft.Azure.Storage.Blob": {
        "type": "Transitive",
        "resolved": "11.1.7",
        "contentHash": "QanFEujuKCJiD6KopY884jLx7LPexuwbWIsg1UTIdJBw6q7crqHoSCFUob2sSDpRTL7eyRpgMh/103AIUk+5Lg==",
        "dependencies": {
          "Microsoft.Azure.Storage.Common": "11.1.7",
          "NETStandard.Library": "2.0.1"
        }
      },
      "Microsoft.Azure.Storage.Common": {
        "type": "Transitive",
        "resolved": "11.1.7",
        "contentHash": "qonfDPyO41vUb8PqHmzoD9yJuhB2K3afPHCe6eNv3kl/PKtddjR58BV++8zLE16K/1PMRInXiU+wJ8EJ+DnG7A==",
        "dependencies": {
          "Microsoft.Azure.KeyVault.Core": "2.0.4",
          "NETStandard.Library": "2.0.1",
          "Newtonsoft.Json": "10.0.2"
        }
      },
      "Microsoft.Azure.Storage.Queue": {
        "type": "Transitive",
        "resolved": "11.1.7",
        "contentHash": "yjKv1X1A3P/bP+R2uErOYv5cTq6osGTtNqLbMZXfTDI27HGUkzXB8eJ/2VMrQp5Qq4pCF1A4qoq3vt0s4Rb+1w==",
        "dependencies": {
          "Microsoft.Azure.Storage.Common": "11.1.7",
          "NETStandard.Library": "2.0.1"
        }
      },
      "Microsoft.Bcl.AsyncInterfaces": {
        "type": "Transitive",
        "resolved": "1.1.1",
        "contentHash": "yuvf07qFWFqtK3P/MRkEKLhn5r2UbSpVueRziSqj0yJQIKFwG1pq9mOayK3zE5qZCTs0CbrwL9M6R8VwqyGy2w=="
      },
      "Microsoft.CodeCoverage": {
        "type": "Transitive",
        "resolved": "17.4.0",
        "contentHash": "2oZbSVTC2nAvQ2DnbXLlXS+c25ZyZdWeNd+znWwAxwGaPh9dwQ5NBsYyqQB7sKmJKIUdkKGmN3rzFzjVC81Dtg=="
      },
      "Microsoft.CSharp": {
        "type": "Transitive",
        "resolved": "4.5.0",
        "contentHash": "kaj6Wb4qoMuH3HySFJhxwQfe8R/sJsNJnANrvv8WdFPMoNbKY5htfNscv+LHCu5ipz+49m2e+WQXpLXr9XYemQ=="
      },
      "Microsoft.Data.SqlClient.SNI.runtime": {
        "type": "Transitive",
        "resolved": "2.1.1",
        "contentHash": "JwGDWkyZgm7SATJmFLfT2G4teimvNbNtq3lsS9a5DzvhEZnQrZjZhevCU0vdx8MjheLHoG5vocuO03QtioFQxQ=="
      },
      "Microsoft.Extensions.Configuration": {
        "type": "Transitive",
        "resolved": "2.1.1",
        "contentHash": "LjVKO6P2y52c5ZhTLX/w8zc5H4Y3J/LJsgqTBj49TtFq/hAtVNue/WA0F6/7GMY90xhD7K0MDZ4qpOeWXbLvzg==",
        "dependencies": {
          "Microsoft.Extensions.Configuration.Abstractions": "2.1.1"
        }
      },
      "Microsoft.Extensions.Configuration.Abstractions": {
        "type": "Transitive",
        "resolved": "2.1.1",
        "contentHash": "VfuZJNa0WUshZ/+8BFZAhwFKiKuu/qOUCFntfdLpHj7vcRnsGHqd3G2Hse78DM+pgozczGM63lGPRLmy+uhUOA==",
        "dependencies": {
          "Microsoft.Extensions.Primitives": "2.1.1"
        }
      },
      "Microsoft.Extensions.Configuration.Binder": {
        "type": "Transitive",
        "resolved": "2.1.1",
        "contentHash": "fcLCTS03poWE4v9tSNBr3pWn0QwGgAn1vzqHXlXgvqZeOc7LvQNzaWcKRQZTdEc3+YhQKwMsOtm3VKSA2aWQ8w==",
        "dependencies": {
          "Microsoft.Extensions.Configuration": "2.1.1"
        }
      },
      "Microsoft.Extensions.Configuration.EnvironmentVariables": {
        "type": "Transitive",
        "resolved": "2.1.0",
        "contentHash": "fZIoU1kxy9zu4KjjabcA79jws6Fk1xmub/VQMrClVqRXZrWt9lYmyjJjw7x0KZtl+Y1hs8qDDaFDrpR1Mso6Wg==",
        "dependencies": {
          "Microsoft.Extensions.Configuration": "2.1.0"
        }
      },
      "Microsoft.Extensions.Configuration.FileExtensions": {
        "type": "Transitive",
        "resolved": "2.1.0",
        "contentHash": "xvbjRAIo2Iwxk7vsMg49RwXPOOm5rtvr0frArvlg1uviS60ouVkOLouCNvOv/eRgWYINPbHAU9p//zEjit38Og==",
        "dependencies": {
          "Microsoft.Extensions.Configuration": "2.1.0",
          "Microsoft.Extensions.FileProviders.Physical": "2.1.0"
        }
      },
      "Microsoft.Extensions.Configuration.Json": {
        "type": "Transitive",
        "resolved": "2.1.0",
        "contentHash": "9OCdAv7qiRtRlXQnECxW9zINUK8bYPKbNp5x8FQaLZbm/flv7mPvo1muZ1nsKGMZF4uL4Bl6nHw2v1fi3MqQ1Q==",
        "dependencies": {
          "Microsoft.Extensions.Configuration": "2.1.0",
          "Microsoft.Extensions.Configuration.FileExtensions": "2.1.0",
          "Newtonsoft.Json": "11.0.2"
        }
      },
      "Microsoft.Extensions.DependencyInjection": {
        "type": "Transitive",
        "resolved": "2.1.0",
        "contentHash": "gqQviLfuA31PheEGi+XJoZc1bc9H9RsPa9Gq9XuDct7XGWSR9eVXjK5Sg7CSUPhTFHSuxUFY12wcTYLZ4zM1hg==",
        "dependencies": {
          "Microsoft.Extensions.DependencyInjection.Abstractions": "2.1.0"
        }
      },
      "Microsoft.Extensions.DependencyInjection.Abstractions": {
        "type": "Transitive",
        "resolved": "2.1.1",
        "contentHash": "MgYpU5cwZohUMKKg3sbPhvGG+eAZ/59E9UwPwlrUkyXU+PGzqwZg9yyQNjhxuAWmoNoFReoemeCku50prYSGzA=="
      },
      "Microsoft.Extensions.FileProviders.Abstractions": {
        "type": "Transitive",
        "resolved": "2.1.0",
        "contentHash": "itv+7XBu58pxi8mykxx9cUO1OOVYe0jmQIZVSZVp5lOcLxB7sSV2bnHiI1RSu6Nxne/s6+oBla3ON5CCMSmwhQ==",
        "dependencies": {
          "Microsoft.Extensions.Primitives": "2.1.0"
        }
      },
      "Microsoft.Extensions.FileProviders.Physical": {
        "type": "Transitive",
        "resolved": "2.1.0",
        "contentHash": "A9xLomqD4tNFqDfleapx2C14ZcSjCTzn/4Od0W/wBYdlLF2tYDJ204e75HjpWDVTkr03kgdZbM3QZ6ZeDsrBYg==",
        "dependencies": {
          "Microsoft.Extensions.FileProviders.Abstractions": "2.1.0",
          "Microsoft.Extensions.FileSystemGlobbing": "2.1.0"
        }
      },
      "Microsoft.Extensions.FileSystemGlobbing": {
        "type": "Transitive",
        "resolved": "2.1.0",
        "contentHash": "JEwwhwbVTEXJu4W4l/FFx7FG9Fh5R8999mZl6qJImjM/LY4DxQsFYzpSkziMdY022n7TQpNUxJlH9bKZc7TqWw=="
      },
      "Microsoft.Extensions.Hosting": {
        "type": "Transitive",
        "resolved": "2.1.0",
        "contentHash": "nqOrLtBqpwRT006vdQ2Vp87uiuYztiZcZAndFqH91ZH4SQgr8wImCVQwzUgTxx1DSrpIW765+xrZTZqsoGtvqg==",
        "dependencies": {
          "Microsoft.Extensions.Configuration": "2.1.0",
          "Microsoft.Extensions.DependencyInjection": "2.1.0",
          "Microsoft.Extensions.FileProviders.Physical": "2.1.0",
          "Microsoft.Extensions.Hosting.Abstractions": "2.1.0",
          "Microsoft.Extensions.Logging": "2.1.0"
        }
      },
      "Microsoft.Extensions.Hosting.Abstractions": {
        "type": "Transitive",
        "resolved": "2.1.0",
        "contentHash": "BpMaoBxdXr5VD0yk7rYN6R8lAU9X9JbvsPveNdKT+llIn3J5s4sxpWqaSG/NnzTzTLU5eJE5nrecTl7clg/7dQ==",
        "dependencies": {
          "Microsoft.Extensions.Configuration.Abstractions": "2.1.0",
          "Microsoft.Extensions.DependencyInjection.Abstractions": "2.1.0",
          "Microsoft.Extensions.FileProviders.Abstractions": "2.1.0",
          "Microsoft.Extensions.Logging.Abstractions": "2.1.0"
        }
      },
      "Microsoft.Extensions.Logging": {
        "type": "Transitive",
        "resolved": "2.1.1",
        "contentHash": "hh+mkOAQDTp6XH80xJt3+wwYVzkbwYQl9XZRCz4Um0JjP/o7N9vHM3rZ6wwwtr+BBe/L6iBO2sz0px6OWBzqZQ==",
        "dependencies": {
          "Microsoft.Extensions.Configuration.Binder": "2.1.1",
          "Microsoft.Extensions.DependencyInjection.Abstractions": "2.1.1",
          "Microsoft.Extensions.Logging.Abstractions": "2.1.1",
          "Microsoft.Extensions.Options": "2.1.1"
        }
      },
      "Microsoft.Extensions.Logging.Abstractions": {
        "type": "Transitive",
        "resolved": "2.1.1",
        "contentHash": "XRzK7ZF+O6FzdfWrlFTi1Rgj2080ZDsd46vzOjadHUB0Cz5kOvDG8vI7caa5YFrsHQpcfn0DxtjS4E46N4FZsA=="
      },
      "Microsoft.Extensions.Logging.Configuration": {
        "type": "Transitive",
        "resolved": "2.1.0",
        "contentHash": "nMAcTACzW37zc3f7n5fIYsRDXtjjQA2U/kiE4xmuSLn7coCIeDfFTpUhJ+wG/3vwb5f1lFWNpyXGyQdlUCIXUw==",
        "dependencies": {
          "Microsoft.Extensions.Logging": "2.1.0",
          "Microsoft.Extensions.Options.ConfigurationExtensions": "2.1.0"
        }
      },
      "Microsoft.Extensions.Options": {
        "type": "Transitive",
        "resolved": "2.1.1",
        "contentHash": "V7lXCU78lAbzaulCGFKojcCyG8RTJicEbiBkPJjFqiqXwndEBBIehdXRMWEVU3UtzQ1yDvphiWUL9th6/4gJ7w==",
        "dependencies": {
          "Microsoft.Extensions.DependencyInjection.Abstractions": "2.1.1",
          "Microsoft.Extensions.Primitives": "2.1.1"
        }
      },
      "Microsoft.Extensions.Options.ConfigurationExtensions": {
        "type": "Transitive",
        "resolved": "2.1.0",
        "contentHash": "w/MP147fSqlIcCymaNpLbjdJsFVkSJM9Sz+jbWMr1gKMDVxoOS8AuFjJkVyKU/eydYxHIR/K1Hn3wisJBW5gSg==",
        "dependencies": {
          "Microsoft.Extensions.Configuration.Abstractions": "2.1.0",
          "Microsoft.Extensions.Configuration.Binder": "2.1.0",
          "Microsoft.Extensions.DependencyInjection.Abstractions": "2.1.0",
          "Microsoft.Extensions.Options": "2.1.0"
        }
      },
      "Microsoft.Extensions.Primitives": {
        "type": "Transitive",
        "resolved": "2.1.1",
        "contentHash": "scJ1GZNIxMmjpENh0UZ8XCQ6vzr/LzeF9WvEA51Ix2OQGAs9WPgPu8ABVUdvpKPLuor/t05gm6menJK3PwqOXg==",
        "dependencies": {
          "System.Memory": "4.5.1",
          "System.Runtime.CompilerServices.Unsafe": "4.5.1"
        }
      },
      "Microsoft.Identity.Client": {
        "type": "Transitive",
        "resolved": "4.46.0",
        "contentHash": "cqNAIELaUypwWvTwnC3MdsccaSpEpVR10WBQ7+e33iSkceeC1kum6aTEwe2m8z4ZdnzlvEMH+dBbXBHMLCy+fQ==",
        "dependencies": {
          "Microsoft.IdentityModel.Abstractions": "6.18.0"
        }
      },
      "Microsoft.Identity.Client.Extensions.Msal": {
        "type": "Transitive",
        "resolved": "2.23.0",
        "contentHash": "Q8K58FjUIVslHQlk+SIhFYjdy8B1A5Wt3GXxzLS7lnXXaSmbcGzk7d8haqLmR8z/DP99vpZC73SxMa83qSHcbQ==",
        "dependencies": {
          "Microsoft.Identity.Client": "4.46.0",
          "System.IO.FileSystem.AccessControl": "5.0.0",
          "System.Security.Cryptography.ProtectedData": "4.5.0"
        }
      },
      "Microsoft.IdentityModel.Abstractions": {
        "type": "Transitive",
        "resolved": "6.18.0",
        "contentHash": "ItCO09JoIQr9sY0AumHRLJKToMKM4/jFcBsg3uhKBZZLX1KPxjed/mKrQzo9PXiarfC87rguvFWWg9C996sEqA=="
      },
      "Microsoft.IdentityModel.JsonWebTokens": {
        "type": "Transitive",
        "resolved": "6.8.0",
        "contentHash": "+7JIww64PkMt7NWFxoe4Y/joeF7TAtA/fQ0b2GFGcagzB59sKkTt/sMZWR6aSZht5YC7SdHi3W6yM1yylRGJCQ==",
        "dependencies": {
          "Microsoft.IdentityModel.Tokens": "6.8.0"
        }
      },
      "Microsoft.IdentityModel.Logging": {
        "type": "Transitive",
        "resolved": "6.8.0",
        "contentHash": "Rfh/p4MaN4gkmhPxwbu8IjrmoDncGfHHPh1sTnc0AcM/Oc39/fzC9doKNWvUAjzFb8LqA6lgZyblTrIsX/wDXg=="
      },
      "Microsoft.IdentityModel.Protocols": {
        "type": "Transitive",
        "resolved": "6.8.0",
        "contentHash": "OJZx5nPdiH+MEkwCkbJrTAUiO/YzLe0VSswNlDxJsJD9bhOIdXHufh650pfm59YH1DNevp3/bXzukKrG57gA1w==",
        "dependencies": {
          "Microsoft.IdentityModel.Logging": "6.8.0",
          "Microsoft.IdentityModel.Tokens": "6.8.0"
        }
      },
      "Microsoft.IdentityModel.Protocols.OpenIdConnect": {
        "type": "Transitive",
        "resolved": "6.8.0",
        "contentHash": "X/PiV5l3nYYsodtrNMrNQIVlDmHpjQQ5w48E+o/D5H4es2+4niEyQf3l03chvZGWNzBRhfSstaXr25/Ye4AeYw==",
        "dependencies": {
          "Microsoft.IdentityModel.Protocols": "6.8.0",
          "System.IdentityModel.Tokens.Jwt": "6.8.0"
        }
      },
      "Microsoft.IdentityModel.Tokens": {
        "type": "Transitive",
        "resolved": "6.8.0",
        "contentHash": "gTqzsGcmD13HgtNePPcuVHZ/NXWmyV+InJgalW/FhWpII1D7V1k0obIseGlWMeA4G+tZfeGMfXr0klnWbMR/mQ==",
        "dependencies": {
          "Microsoft.CSharp": "4.5.0",
          "Microsoft.IdentityModel.Logging": "6.8.0",
          "System.Security.Cryptography.Cng": "4.5.0"
        }
      },
      "Microsoft.IO.RecyclableMemoryStream": {
        "type": "Transitive",
        "resolved": "2.2.0",
        "contentHash": "uyjY/cqomw1irT4L7lDeg4sJ36MsjHg3wKqpGrBAdzvZaxo85yMF+sAA9RIzTV92fDxuUzjqksMqA0+SNMkMgA=="
      },
      "Microsoft.NETCore.Platforms": {
        "type": "Transitive",
        "resolved": "5.0.0",
        "contentHash": "VyPlqzH2wavqquTcYpkIIAQ6WdenuKoFN0BdYBbCWsclXacSOHNQn66Gt4z5NBqEYW0FAPm5rlvki9ZiCij5xQ=="
      },
      "Microsoft.NETCore.Targets": {
        "type": "Transitive",
        "resolved": "1.1.0",
        "contentHash": "aOZA3BWfz9RXjpzt0sRJJMjAscAUm3Hoa4UWAfceV9UTYxgwZ1lZt5nO2myFf+/jetYQo4uTP7zS8sJY67BBxg=="
      },
      "Microsoft.TestPlatform.ObjectModel": {
        "type": "Transitive",
        "resolved": "17.4.0",
        "contentHash": "oWe7A0wrZhxagTOcaxJ9r0NXTbgkiBQQuCpCXxnP06NsGV/qOoaY2oaangAJbOUrwEx0eka1do400NwNCjfytw==",
        "dependencies": {
          "NuGet.Frameworks": "5.11.0",
          "System.Reflection.Metadata": "1.6.0"
        }
      },
      "Microsoft.TestPlatform.TestHost": {
        "type": "Transitive",
        "resolved": "17.4.0",
        "contentHash": "sUx48fu9wgQF1JxzXeSVtzb7KoKpJrdtIzsFamxET3ZYOKXj+Ej13HWZ0U2nuMVZtZVHBmE+KS3Vv5cIdTlycQ==",
        "dependencies": {
          "Microsoft.TestPlatform.ObjectModel": "17.4.0",
          "Newtonsoft.Json": "13.0.1"
        }
      },
      "Microsoft.Win32.Registry": {
        "type": "Transitive",
        "resolved": "4.7.0",
        "contentHash": "KSrRMb5vNi0CWSGG1++id2ZOs/1QhRqROt+qgbEAdQuGjGrFcl4AOl4/exGPUYz2wUnU42nvJqon1T3U0kPXLA==",
        "dependencies": {
          "System.Security.AccessControl": "4.7.0",
          "System.Security.Principal.Windows": "4.7.0"
        }
      },
      "Microsoft.Win32.SystemEvents": {
        "type": "Transitive",
        "resolved": "4.7.0",
        "contentHash": "mtVirZr++rq+XCDITMUdnETD59XoeMxSpLRIII7JRI6Yj0LEDiO1pPn0ktlnIj12Ix8bfvQqQDMMIF9wC98oCA==",
        "dependencies": {
          "Microsoft.NETCore.Platforms": "3.1.0"
        }
      },
      "NETStandard.Library": {
        "type": "Transitive",
        "resolved": "2.0.1",
        "contentHash": "oA6nwv9MhEKYvLpjZ0ggSpb1g4CQViDVQjLUcDWg598jtvJbpfeP2reqwI1GLW2TbxC/Ml7xL6BBR1HmKPXlTg==",
        "dependencies": {
          "Microsoft.NETCore.Platforms": "1.1.0"
        }
      },
      "NuGet.Frameworks": {
        "type": "Transitive",
        "resolved": "5.11.0",
        "contentHash": "eaiXkUjC4NPcquGWzAGMXjuxvLwc6XGKMptSyOGQeT0X70BUZObuybJFZLA0OfTdueLd3US23NBPTBb6iF3V1Q=="
      },
      "runtime.native.System": {
        "type": "Transitive",
        "resolved": "4.3.0",
        "contentHash": "c/qWt2LieNZIj1jGnVNsE2Kl23Ya2aSTBuXMD6V7k9KWr6l16Tqdwq+hJScEpWER9753NWC8h96PaVNY5Ld7Jw==",
        "dependencies": {
          "Microsoft.NETCore.Platforms": "1.1.0",
          "Microsoft.NETCore.Targets": "1.1.0"
        }
      },
      "System.Collections": {
        "type": "Transitive",
        "resolved": "4.3.0",
        "contentHash": "3Dcj85/TBdVpL5Zr+gEEBUuFe2icOnLalmEh9hfck1PTYbbyWuZgh4fmm2ysCLTrqLQw6t3TgTyJ+VLp+Qb+Lw==",
        "dependencies": {
          "Microsoft.NETCore.Platforms": "1.1.0",
          "Microsoft.NETCore.Targets": "1.1.0",
          "System.Runtime": "4.3.0"
        }
      },
      "System.Collections.Immutable": {
        "type": "Transitive",
        "resolved": "5.0.0",
        "contentHash": "FXkLXiK0sVVewcso0imKQoOxjoPAj42R8HtjjbSjVPAzwDfzoyoznWxgA3c38LDbN9SJux1xXoXYAhz98j7r2g=="
      },
      "System.ComponentModel.Annotations": {
        "type": "Transitive",
        "resolved": "4.4.0",
        "contentHash": "29K3DQ+IGU7LBaMjTo7SI7T7X/tsMtLvz1p56LJ556Iu0Dw3pKZw5g8yCYCWMRxrOF0Hr0FU0FwW0o42y2sb3A=="
      },
      "System.Configuration.ConfigurationManager": {
        "type": "Transitive",
        "resolved": "4.7.0",
        "contentHash": "/anOTeSZCNNI2zDilogWrZ8pNqCmYbzGNexUnNhjW8k0sHqEZ2nHJBp147jBV3hGYswu5lINpNg1vxR7bnqvVA==",
        "dependencies": {
          "System.Security.Cryptography.ProtectedData": "4.7.0",
          "System.Security.Permissions": "4.7.0"
        }
      },
      "System.Diagnostics.Debug": {
        "type": "Transitive",
        "resolved": "4.3.0",
        "contentHash": "ZUhUOdqmaG5Jk3Xdb8xi5kIyQYAA4PnTNlHx1mu9ZY3qv4ELIdKbnL/akbGaKi2RnNUWaZsAs31rvzFdewTj2g==",
        "dependencies": {
          "Microsoft.NETCore.Platforms": "1.1.0",
          "Microsoft.NETCore.Targets": "1.1.0",
          "System.Runtime": "4.3.0"
        }
      },
      "System.Diagnostics.DiagnosticSource": {
        "type": "Transitive",
        "resolved": "4.7.0",
        "contentHash": "oJjw3uFuVDJiJNbCD8HB4a2p3NYLdt1fiT5OGsPLw+WTOuG0KpP4OXelMmmVKpClueMsit6xOlzy4wNKQFiBLg=="
      },
      "System.Diagnostics.EventLog": {
        "type": "Transitive",
        "resolved": "4.7.0",
        "contentHash": "iDoKGQcRwX0qwY+eAEkaJGae0d/lHlxtslO+t8pJWAUxlvY3tqLtVOPnW2UU4cFjP0Y/L1QBqhkZfSyGqVMR2w==",
        "dependencies": {
          "Microsoft.NETCore.Platforms": "3.1.0",
          "Microsoft.Win32.Registry": "4.7.0",
          "System.Security.Principal.Windows": "4.7.0"
        }
      },
      "System.Diagnostics.TraceSource": {
        "type": "Transitive",
        "resolved": "4.3.0",
        "contentHash": "VnYp1NxGx8Ww731y2LJ1vpfb/DKVNKEZ8Jsh5SgQTZREL/YpWRArgh9pI8CDLmgHspZmLL697CaLvH85qQpRiw==",
        "dependencies": {
          "Microsoft.NETCore.Platforms": "1.1.0",
          "System.Collections": "4.3.0",
          "System.Diagnostics.Debug": "4.3.0",
          "System.Globalization": "4.3.0",
          "System.Resources.ResourceManager": "4.3.0",
          "System.Runtime": "4.3.0",
          "System.Runtime.Extensions": "4.3.0",
          "System.Threading": "4.3.0",
          "runtime.native.System": "4.3.0"
        }
      },
      "System.Drawing.Common": {
        "type": "Transitive",
        "resolved": "4.7.0",
        "contentHash": "v+XbyYHaZjDfn0ENmJEV1VYLgGgCTx1gnfOBcppowbpOAriglYgGCvFCPr2EEZyBvXlpxbEsTwkOlInl107ahA==",
        "dependencies": {
          "Microsoft.NETCore.Platforms": "3.1.0",
          "Microsoft.Win32.SystemEvents": "4.7.0"
        }
      },
      "System.Globalization": {
        "type": "Transitive",
        "resolved": "4.3.0",
        "contentHash": "kYdVd2f2PAdFGblzFswE4hkNANJBKRmsfa2X5LG2AcWE1c7/4t0pYae1L8vfZ5xvE2nK/R9JprtToA61OSHWIg==",
        "dependencies": {
          "Microsoft.NETCore.Platforms": "1.1.0",
          "Microsoft.NETCore.Targets": "1.1.0",
          "System.Runtime": "4.3.0"
        }
      },
      "System.IdentityModel.Tokens.Jwt": {
        "type": "Transitive",
        "resolved": "6.8.0",
        "contentHash": "5tBCjAub2Bhd5qmcd0WhR5s354e4oLYa//kOWrkX+6/7ZbDDJjMTfwLSOiZ/MMpWdE4DWPLOfTLOq/juj9CKzA==",
        "dependencies": {
          "Microsoft.IdentityModel.JsonWebTokens": "6.8.0",
          "Microsoft.IdentityModel.Tokens": "6.8.0"
        }
      },
      "System.IO": {
        "type": "Transitive",
        "resolved": "4.3.0",
        "contentHash": "3qjaHvxQPDpSOYICjUoTsmoq5u6QJAFRUITgeT/4gqkF1bajbSmb1kwSxEA8AHlofqgcKJcM8udgieRNhaJ5Cg==",
        "dependencies": {
          "Microsoft.NETCore.Platforms": "1.1.0",
          "Microsoft.NETCore.Targets": "1.1.0",
          "System.Runtime": "4.3.0",
          "System.Text.Encoding": "4.3.0",
          "System.Threading.Tasks": "4.3.0"
        }
      },
      "System.IO.FileSystem.AccessControl": {
        "type": "Transitive",
        "resolved": "5.0.0",
        "contentHash": "SxHB3nuNrpptVk+vZ/F+7OHEpoHUIKKMl02bUmYHQr1r+glbZQxs7pRtsf4ENO29TVm2TH3AEeep2fJcy92oYw==",
        "dependencies": {
          "System.Security.AccessControl": "5.0.0",
          "System.Security.Principal.Windows": "5.0.0"
        }
      },
      "System.Memory": {
        "type": "Transitive",
        "resolved": "4.5.3",
        "contentHash": "3oDzvc/zzetpTKWMShs1AADwZjQ/36HnsufHRPcOjyRAAMLDlu2iD33MBI2opxnezcVUtXyqDXXjoFMOU9c7SA=="
      },
      "System.Memory.Data": {
        "type": "Transitive",
        "resolved": "1.0.2",
        "contentHash": "JGkzeqgBsiZwKJZ1IxPNsDFZDhUvuEdX8L8BDC8N3KOj+6zMcNU28CNN59TpZE/VJYy9cP+5M+sbxtWJx3/xtw==",
        "dependencies": {
          "System.Text.Encodings.Web": "4.7.2",
          "System.Text.Json": "4.6.0"
        }
      },
      "System.Numerics.Vectors": {
        "type": "Transitive",
        "resolved": "4.5.0",
        "contentHash": "QQTlPTl06J/iiDbJCiepZ4H//BVraReU4O4EoRw1U02H5TLUIT7xn3GnDp9AXPSlJUDyFs4uWjWafNX6WrAojQ=="
      },
      "System.Reflection": {
        "type": "Transitive",
        "resolved": "4.3.0",
        "contentHash": "KMiAFoW7MfJGa9nDFNcfu+FpEdiHpWgTcS2HdMpDvt9saK3y/G4GwprPyzqjFH9NTaGPQeWNHU+iDlDILj96aQ==",
        "dependencies": {
          "Microsoft.NETCore.Platforms": "1.1.0",
          "Microsoft.NETCore.Targets": "1.1.0",
          "System.IO": "4.3.0",
          "System.Reflection.Primitives": "4.3.0",
          "System.Runtime": "4.3.0"
        }
      },
      "System.Reflection.Metadata": {
        "type": "Transitive",
        "resolved": "1.6.0",
        "contentHash": "COC1aiAJjCoA5GBF+QKL2uLqEBew4JsCkQmoHKbN3TlOZKa2fKLz5CpiRQKDz0RsAOEGsVKqOD5bomsXq/4STQ=="
      },
      "System.Reflection.Primitives": {
        "type": "Transitive",
        "resolved": "4.3.0",
        "contentHash": "5RXItQz5As4xN2/YUDxdpsEkMhvw3e6aNveFXUn4Hl/udNTCNhnKp8lT9fnc3MhvGKh1baak5CovpuQUXHAlIA==",
        "dependencies": {
          "Microsoft.NETCore.Platforms": "1.1.0",
          "Microsoft.NETCore.Targets": "1.1.0",
          "System.Runtime": "4.3.0"
        }
      },
      "System.Resources.ResourceManager": {
        "type": "Transitive",
        "resolved": "4.3.0",
        "contentHash": "/zrcPkkWdZmI4F92gL/TPumP98AVDu/Wxr3CSJGQQ+XN6wbRZcyfSKVoPo17ilb3iOr0cCRqJInGwNMolqhS8A==",
        "dependencies": {
          "Microsoft.NETCore.Platforms": "1.1.0",
          "Microsoft.NETCore.Targets": "1.1.0",
          "System.Globalization": "4.3.0",
          "System.Reflection": "4.3.0",
          "System.Runtime": "4.3.0"
        }
      },
      "System.Runtime": {
        "type": "Transitive",
        "resolved": "4.3.0",
        "contentHash": "JufQi0vPQ0xGnAczR13AUFglDyVYt4Kqnz1AZaiKZ5+GICq0/1MH/mO/eAJHt/mHW1zjKBJd7kV26SrxddAhiw==",
        "dependencies": {
          "Microsoft.NETCore.Platforms": "1.1.0",
          "Microsoft.NETCore.Targets": "1.1.0"
        }
      },
      "System.Runtime.CompilerServices.Unsafe": {
        "type": "Transitive",
        "resolved": "4.5.1",
        "contentHash": "Zh8t8oqolRaFa9vmOZfdQm/qKejdqz0J9kr7o2Fu0vPeoH3BL1EOXipKWwkWtLT1JPzjByrF19fGuFlNbmPpiw=="
      },
      "System.Runtime.Extensions": {
        "type": "Transitive",
        "resolved": "4.3.0",
        "contentHash": "guW0uK0fn5fcJJ1tJVXYd7/1h5F+pea1r7FLSOz/f8vPEqbR2ZAknuRDvTQ8PzAilDveOxNjSfr0CHfIQfFk8g==",
        "dependencies": {
          "Microsoft.NETCore.Platforms": "1.1.0",
          "Microsoft.NETCore.Targets": "1.1.0",
          "System.Runtime": "4.3.0"
        }
      },
      "System.Security.AccessControl": {
        "type": "Transitive",
        "resolved": "5.0.0",
        "contentHash": "dagJ1mHZO3Ani8GH0PHpPEe/oYO+rVdbQjvjJkBRNQkX4t0r1iaeGn8+/ybkSLEan3/slM0t59SVdHzuHf2jmw==",
        "dependencies": {
          "Microsoft.NETCore.Platforms": "5.0.0",
          "System.Security.Principal.Windows": "5.0.0"
        }
      },
      "System.Security.Cryptography.Cng": {
        "type": "Transitive",
        "resolved": "4.5.0",
        "contentHash": "WG3r7EyjUe9CMPFSs6bty5doUqT+q9pbI80hlNzo2SkPkZ4VTuZkGWjpp77JB8+uaL4DFPRdBsAY+DX3dBK92A=="
      },
      "System.Security.Cryptography.ProtectedData": {
        "type": "Transitive",
        "resolved": "4.7.0",
        "contentHash": "ehYW0m9ptxpGWvE4zgqongBVWpSDU/JCFD4K7krxkQwSz/sFQjEXCUqpvencjy6DYDbn7Ig09R8GFffu8TtneQ=="
      },
      "System.Security.Permissions": {
        "type": "Transitive",
        "resolved": "4.7.0",
        "contentHash": "dkOV6YYVBnYRa15/yv004eCGRBVADXw8qRbbNiCn/XpdJSUXkkUeIvdvFHkvnko4CdKMqG8yRHC4ox83LSlMsQ==",
        "dependencies": {
          "System.Security.AccessControl": "4.7.0",
          "System.Windows.Extensions": "4.7.0"
        }
      },
      "System.Security.Principal.Windows": {
        "type": "Transitive",
        "resolved": "5.0.0",
        "contentHash": "t0MGLukB5WAVU9bO3MGzvlGnyJPgUlcwerXn1kzBRjwLKixT96XV0Uza41W49gVd8zEMFu9vQEFlv0IOrytICA=="
      },
      "System.Text.Encoding": {
        "type": "Transitive",
        "resolved": "4.3.0",
        "contentHash": "BiIg+KWaSDOITze6jGQynxg64naAPtqGHBwDrLaCtixsa5bKiR8dpPOHA7ge3C0JJQizJE+sfkz1wV+BAKAYZw==",
        "dependencies": {
          "Microsoft.NETCore.Platforms": "1.1.0",
          "Microsoft.NETCore.Targets": "1.1.0",
          "System.Runtime": "4.3.0"
        }
      },
      "System.Text.Encoding.CodePages": {
        "type": "Transitive",
        "resolved": "4.7.0",
        "contentHash": "aeu4FlaUTemuT1qOd1MyU4T516QR4Fy+9yDbwWMPHOHy7U8FD6SgTzdZFO7gHcfAPHtECqInbwklVvUK4RHcNg==",
        "dependencies": {
          "Microsoft.NETCore.Platforms": "3.1.0"
        }
      },
      "System.Text.Encodings.Web": {
        "type": "Transitive",
        "resolved": "4.7.2",
        "contentHash": "iTUgB/WtrZ1sWZs84F2hwyQhiRH6QNjQv2DkwrH+WP6RoFga2Q1m3f9/Q7FG8cck8AdHitQkmkXSY8qylcDmuA=="
      },
      "System.Text.Json": {
        "type": "Transitive",
        "resolved": "4.7.2",
        "contentHash": "TcMd95wcrubm9nHvJEQs70rC0H/8omiSGGpU4FQ/ZA1URIqD4pjmFJh2Mfv1yH1eHgJDWTi2hMDXwTET+zOOyg=="
      },
      "System.Threading": {
        "type": "Transitive",
        "resolved": "4.3.0",
        "contentHash": "VkUS0kOBcUf3Wwm0TSbrevDDZ6BlM+b/HRiapRFWjM5O0NS0LviG0glKmFK+hhPDd1XFeSdU1GmlLhb2CoVpIw==",
        "dependencies": {
          "System.Runtime": "4.3.0",
          "System.Threading.Tasks": "4.3.0"
        }
      },
      "System.Threading.Tasks": {
        "type": "Transitive",
        "resolved": "4.3.0",
        "contentHash": "LbSxKEdOUhVe8BezB/9uOGGppt+nZf6e1VFyw6v3DN6lqitm0OSn2uXMOdtP0M3W4iMcqcivm2J6UgqiwwnXiA==",
        "dependencies": {
          "Microsoft.NETCore.Platforms": "1.1.0",
          "Microsoft.NETCore.Targets": "1.1.0",
          "System.Runtime": "4.3.0"
        }
      },
      "System.Threading.Tasks.Dataflow": {
        "type": "Transitive",
        "resolved": "4.8.0",
        "contentHash": "PSIdcgbyNv7FZvZ1I9Mqy6XZOwstYYMdZiXuHvIyc0gDyPjEhrrP9OvTGDHp+LAHp1RNSLjPYssyqox9+Kt9Ug=="
      },
      "System.Threading.Tasks.Extensions": {
        "type": "Transitive",
        "resolved": "4.5.4",
        "contentHash": "zteT+G8xuGu6mS+mzDzYXbzS7rd3K6Fjb9RiZlYlJPam2/hU7JCBZBVEcywNuR+oZ1ncTvc/cq0faRr3P01OVg=="
      },
      "System.Windows.Extensions": {
        "type": "Transitive",
        "resolved": "4.7.0",
        "contentHash": "CeWTdRNfRaSh0pm2gDTJFwVaXfTq6Xwv/sA887iwPTneW7oMtMlpvDIO+U60+3GWTB7Aom6oQwv5VZVUhQRdPQ==",
        "dependencies": {
          "System.Drawing.Common": "4.7.0"
        }
      },
      "xunit.abstractions": {
        "type": "Transitive",
        "resolved": "2.0.1",
        "contentHash": "bDm/zdG5rnRDsobKuKwrvL4HccBdC0uvT12be6fG12P3d1U7u9Wkvfoq/PM2GeyIeb0Dtcmm/7k2oaawiqQ2Dg==",
        "dependencies": {
          "NETStandard.Library": "1.6.0"
        }
      },
      "xunit.analyzers": {
        "type": "Transitive",
        "resolved": "0.7.0",
        "contentHash": "pEjPJ/pd+r9blGBJ9bXg961phkAiCl4k2DwxwWGEZyYC/7Tb1xJ1az0H18uGANX7zFIkvE5ZO1eZZ4vU7gny7w=="
      },
      "xunit.assert": {
        "type": "Transitive",
        "resolved": "2.3.1",
        "contentHash": "+mUMp3aJOS0ag3qJ2tUhVa930KhwjyypxXT4Ab8lQozEQN8/xgkblQnYs0woIWpr2NbzEOxsZojytl9NBVRKxg==",
        "dependencies": {
          "NETStandard.Library": "1.6.1"
        }
      },
      "xunit.extensibility.execution": {
        "type": "Transitive",
        "resolved": "2.3.1",
        "contentHash": "i8xrHfKC5dyBWQ7I15FePzm0m8KNToBsTleCCQbOQuXRPZIvupd4nnfaCPeJuKHHe7yJ8JGtWxjIgw0ow/cMhg==",
        "dependencies": {
          "NETStandard.Library": "1.6.1",
          "xunit.extensibility.core": "[2.3.1]"
        }
      },
      "microsoft.azure.webjobs.extensions.kusto": {
        "type": "Project",
        "dependencies": {
          "Microsoft.Azure.Kusto.Ingest": "[11.0.0, )",
          "Microsoft.Azure.WebJobs": "[3.0.33, )",
          "Newtonsoft.Json": "[13.0.1, )"
        }
      },
      "Microsoft.Azure.Kusto.Ingest": {
        "type": "CentralTransitive",
        "requested": "[11.0.0, )",
        "resolved": "11.0.0",
        "contentHash": "TX3c+T29B+aMkuEuH778xFqVBbRj+OxZGyzxIKmDFHISBnD2Oh7UJ60zlXBZrcD/pBAEGdYBGDMZnztBWxu7Ow==",
        "dependencies": {
          "Azure.Data.Tables": "12.5.0",
          "Azure.Storage.Blobs": "12.10.0",
          "Azure.Storage.Queues": "12.8.0",
          "Microsoft.Azure.Kusto.Data": "11.0.0"
        }
      },
      "Microsoft.Azure.WebJobs": {
        "type": "CentralTransitive",
        "requested": "[3.0.33, )",
        "resolved": "3.0.33",
        "contentHash": "eSv858ll+GsLYxM2+RKBiTC34CvGnEgLtnrzRljzrociIXsosadHDQLxvvqu0eyIQRRf5kc4MHII/wc0HRNvyg==",
        "dependencies": {
          "Microsoft.Azure.WebJobs.Core": "3.0.33",
          "Microsoft.Extensions.Configuration": "2.1.1",
          "Microsoft.Extensions.Configuration.Abstractions": "2.1.1",
          "Microsoft.Extensions.Configuration.EnvironmentVariables": "2.1.0",
          "Microsoft.Extensions.Configuration.Json": "2.1.0",
          "Microsoft.Extensions.Hosting": "2.1.0",
          "Microsoft.Extensions.Logging": "2.1.1",
          "Microsoft.Extensions.Logging.Abstractions": "2.1.1",
          "Microsoft.Extensions.Logging.Configuration": "2.1.0",
          "Newtonsoft.Json": "11.0.2",
          "System.Memory.Data": "1.0.1",
          "System.Threading.Tasks.Dataflow": "4.8.0"
        }
      },
      "Microsoft.Azure.WebJobs.Core": {
        "type": "CentralTransitive",
        "requested": "[3.0.33, )",
        "resolved": "3.0.33",
        "contentHash": "4Rp5of6KFEGisQL7OJV2/8v3IQGFvTgZ9xSbB3bfkw5VHoNKn3Yllx7Qk/oUUX7Zey7jNu5mQFIR6dW6xNMX5Q==",
        "dependencies": {
          "System.ComponentModel.Annotations": "4.4.0",
          "System.Diagnostics.TraceSource": "4.3.0"
        }
      },
      "Microsoft.Data.SqlClient": {
        "type": "CentralTransitive",
        "requested": "[3.0.1, )",
        "resolved": "2.1.1",
        "contentHash": "qxPmA2q0/oqqzZiwgN2QcoFRMPPQOCOxJP9h8X/bLXkPRsIo8xy182td9Txt0WhobW1dBBSYj96/Wf9cmhpm7Q==",
        "dependencies": {
          "Microsoft.Data.SqlClient.SNI.runtime": "2.1.1",
          "Microsoft.Identity.Client": "4.21.1",
          "Microsoft.IdentityModel.JsonWebTokens": "6.8.0",
          "Microsoft.IdentityModel.Protocols.OpenIdConnect": "6.8.0",
          "Microsoft.Win32.Registry": "4.7.0",
          "System.Configuration.ConfigurationManager": "4.7.0",
          "System.Diagnostics.DiagnosticSource": "4.7.0",
          "System.Runtime.Caching": "4.7.0",
          "System.Security.Principal.Windows": "4.7.0",
          "System.Text.Encoding.CodePages": "4.7.0"
        }
      },
      "Newtonsoft.Json": {
        "type": "CentralTransitive",
        "requested": "[13.0.1, )",
        "resolved": "13.0.1",
        "contentHash": "ppPFpBcvxdsfUonNcvITKqLl3bqxWbDCZIzDWHzjpdAHRFfZe0Dw9HmA0+za13IdyrgJwpkDTDA9fHaxOrt20A=="
      },
      "System.Runtime.Caching": {
        "type": "CentralTransitive",
        "requested": "[4.7.0, )",
        "resolved": "4.7.0",
        "contentHash": "NdvNRjTPxYvIEhXQszT9L9vJhdQoX6AQ0AlhjTU+5NqFQVuacJTfhPVAvtGWNA2OJCqRiR/okBcZgMwI6MqcZg==",
        "dependencies": {
          "System.Configuration.ConfigurationManager": "4.7.0"
        }
      },
      "xunit": {
        "type": "CentralTransitive",
        "requested": "[2.4.0, )",
        "resolved": "2.3.1",
        "contentHash": "IWux0xXfZ/bC7SgooK5rmW5KwCwFg9GFslmPxA7+pJsT+2SRyhOfOgNUXDd7B09UN4f6kogRT2TqNi6gbWEspA==",
        "dependencies": {
          "xunit.analyzers": "0.7.0",
          "xunit.assert": "[2.3.1]",
          "xunit.core": "[2.3.1]"
        }
      }
    }
  }
}