
Microsoft Visual Studio Solution File, Format Version 12.00
# Visual Studio Version 17
VisualStudioVersion = 17.4.33213.308
MinimumVisualStudioVersion = 10.0.40219.1
Project("{9A19103F-16F7-4668-BE54-9A1E7A4F7556}") = "Microsoft.Azure.Functions.Worker.Extensions.Kusto", "Microsoft.Azure.Functions.Worker.Extensions.Kusto.csproj", "{EBF1A8FB-0CFC-48EE-A9FE-51BFB9F054CA}"
EndProject
Project("{9A19103F-16F7-4668-BE54-9A1E7A4F7556}") = "Microsoft.Azure.WebJobs.Extensions.Kusto.SamplesOutOfProc", "..\samples\samples-outofproc\Microsoft.Azure.WebJobs.Extensions.Kusto.SamplesOutOfProc.csproj", "{14E08254-88E6-4DD4-8CE9-B12A7302E159}"
EndProject
Global
	GlobalSection(SolutionConfigurationPlatforms) = preSolution
		Debug|Any CPU = Debug|Any CPU
		Release|Any CPU = Release|Any CPU
	EndGlobalSection
	GlobalSection(ProjectConfigurationPlatforms) = postSolution
		{EBF1A8FB-0CFC-48EE-A9FE-51BFB9F054CA}.Debug|Any CPU.ActiveCfg = Debug|Any CPU
		{EBF1A8FB-0CFC-48EE-A9FE-51BFB9F054CA}.Debug|Any CPU.Build.0 = Debug|Any CPU
		{EBF1A8FB-0CFC-48EE-A9FE-51BFB9F054CA}.Release|Any CPU.ActiveCfg = Release|Any CPU
		{EBF1A8FB-0CFC-48EE-A9FE-51BFB9F054CA}.Release|Any CPU.Build.0 = Release|Any CPU
		{14E08254-88E6-4DD4-8CE9-B12A7302E159}.Debug|Any CPU.ActiveCfg = Debug|Any CPU
		{14E08254-88E6-4DD4-8CE9-B12A7302E159}.Debug|Any CPU.Build.0 = Debug|Any CPU
		{14E08254-88E6-4DD4-8CE9-B12A7302E159}.Release|Any CPU.ActiveCfg = Release|Any CPU
		{14E08254-88E6-4DD4-8CE9-B12A7302E159}.Release|Any CPU.Build.0 = Release|Any CPU
	EndGlobalSection
	GlobalSection(SolutionProperties) = preSolution
		HideSolutionNode = FALSE
	EndGlobalSection
	GlobalSection(ExtensibilityGlobals) = postSolution
		SolutionGuid = {1B038C41-D600-4E9C-B023-16051FBAB785}
	EndGlobalSection
EndGlobal
