{
  "version": 2,
  "dependencies": {
    ".NETCoreApp,Version=v3.1": {
      "Microsoft.Azure.Functions.Worker.Extensions.Abstractions": {
        "type": "Direct",
        "requested": "[1.1.0, )",
        "resolved": "1.1.0",
        "contentHash": "kAs9BTuzdOvyuN2m5CYyQzyvzXKJ6hhIOgcwm0W8Q+Fwj91a1eBmRSi9pVzpM4V3skNt/+pkPD3wxFD4nEw0bg=="
      },
      "Microsoft.Azure.Kusto.Data": {
        "type": "Direct",
        "requested": "[11.2.1, )",
        "resolved": "11.2.1",
        "contentHash": "AjqNRQ9kWvi4K4DE62/px+KqZpK/OzGlRWg79qDWyL7HD+MUP+Rn2DRtVFhk2f2dHbHHuk+egrxjWX602ycyIw==",
        "dependencies": {
          "Microsoft.Azure.Kusto.Cloud.Platform": "11.2.1",
          "Microsoft.Azure.Kusto.Cloud.Platform.Aad": "11.2.1",
          "Microsoft.Identity.Client": "4.48.0",
          "Microsoft.Identity.Client.Extensions.Msal": "2.25.0"
        }
      },
      "Microsoft.Azure.Kusto.Ingest": {
        "type": "Direct",
        "requested": "[11.2.1, )",
        "resolved": "11.2.1",
        "contentHash": "HcUEDcHXgefzEhd3pB7Lk1vFAIDEaDT7EndB+Hy6O5E/rG3toT515ITa94fls5rRwPMF1YpRdP9OCt0B7LcXXA==",
        "dependencies": {
          "Azure.Data.Tables": "12.6.1",
          "Azure.Storage.Blobs": "12.13.0",
          "Azure.Storage.Queues": "12.11.0",
          "Microsoft.Azure.Kusto.Data": "11.2.1"
        }
      },
      "Azure.Core": {
        "type": "Transitive",
        "resolved": "1.25.0",
        "contentHash": "X8Dd4sAggS84KScWIjEbFAdt2U1KDolQopTPoHVubG2y3CM54f9l6asVrP5Uy384NWXjsspPYaJgz5xHc+KvTA==",
        "dependencies": {
          "Microsoft.Bcl.AsyncInterfaces": "1.1.1",
          "System.Diagnostics.DiagnosticSource": "4.6.0",
          "System.Memory.Data": "1.0.2",
          "System.Numerics.Vectors": "4.5.0",
          "System.Text.Encodings.Web": "4.7.2",
          "System.Text.Json": "4.7.2",
          "System.Threading.Tasks.Extensions": "4.5.4"
        }
      },
      "Azure.Data.Tables": {
        "type": "Transitive",
        "resolved": "12.6.1",
        "contentHash": "EnbcshkRrDHlBGz6LcFlfDVOtd8P+atSREfStLzjnzzIZXY+N6xPldtPQPVda2s93ENdoE9oW0azTyju2ek3Ag==",
        "dependencies": {
          "Azure.Core": "1.25.0",
          "System.Text.Json": "4.7.2"
        }
      },
      "Azure.Identity": {
        "type": "Transitive",
        "resolved": "1.3.0",
        "contentHash": "l1SYfZKOFBuUFG7C2SWHmJcrQQaiXgBdVCycx4vcZQkC6efDVt7mzZ5pfJAFEJDBUq7mjRQ0RPq9ZDGdSswqMg==",
        "dependencies": {
          "Azure.Core": "1.6.0",
          "Microsoft.Identity.Client": "4.22.0",
          "Microsoft.Identity.Client.Extensions.Msal": "2.16.5",
          "System.Memory": "4.5.3",
          "System.Security.Cryptography.ProtectedData": "4.5.0",
          "System.Text.Json": "4.6.0",
          "System.Threading.Tasks.Extensions": "4.5.2"
        }
      },
      "Azure.Storage.Blobs": {
        "type": "Transitive",
        "resolved": "12.13.0",
        "contentHash": "h5ZxRwmS/U1NOFwd+MuHJe4To1hEPu/yeBIKS1cbAHTDc+7RBZEjPf1VFeUZsIIuHvU/AzXtcRaph9BHuPRNMQ==",
        "dependencies": {
          "Azure.Storage.Common": "12.12.0",
          "System.Text.Json": "4.7.2"
        }
      },
      "Azure.Storage.Common": {
        "type": "Transitive",
        "resolved": "12.12.0",
        "contentHash": "Ms0XsZ/D9Pcudfbqj+rWeCkhx/ITEq8isY0jkor9JFmDAEHsItFa2XrWkzP3vmJU6EsXQrk4snH63HkW/Jksvg==",
        "dependencies": {
          "Azure.Core": "1.25.0",
          "System.IO.Hashing": "6.0.0"
        }
      },
      "Azure.Storage.Queues": {
        "type": "Transitive",
        "resolved": "12.11.0",
        "contentHash": "qpe1Gs1/2t18FoZORF3TgPTaF31RJhN5DQFgZ6ay6qKak9IztaqwKG8Lv2eZ/yhRKJNrOVnaZF4iqf7a4N57BA==",
        "dependencies": {
          "Azure.Storage.Common": "12.12.0",
          "System.Memory.Data": "1.0.2",
          "System.Text.Json": "4.7.2"
        }
      },
      "Microsoft.Azure.Kusto.Cloud.Platform": {
        "type": "Transitive",
        "resolved": "11.2.1",
        "contentHash": "wkF7WaRbIVU5nY9hIg45Xt58nWzxvqChi2q0KVnPj6v9QSa5v7ex1KQ+Mn9zy7+wLeWPsj3pM85uqNTGsALupg==",
        "dependencies": {
          "Microsoft.CSharp": "4.5.0",
          "Microsoft.IO.RecyclableMemoryStream": "2.2.0",
          "Newtonsoft.Json": "13.0.2",
          "System.Collections.Immutable": "5.0.0",
          "System.Security.AccessControl": "5.0.0",
          "System.Security.Cryptography.Cng": "4.5.0",
          "System.Security.Principal.Windows": "5.0.0"
        }
      },
      "Microsoft.Azure.Kusto.Cloud.Platform.Aad": {
        "type": "Transitive",
        "resolved": "11.2.1",
        "contentHash": "brGyBMFklOOegrrvvPeVpvWp6PrWsTJdatCbhmg3qTjjzD/Uvz531crftkveS8+sFUna/riQxZ+CMS+6VFieAQ==",
        "dependencies": {
          "Azure.Core": "1.20.0",
          "Azure.Identity": "1.3.0",
          "Microsoft.Azure.Kusto.Cloud.Platform": "11.2.1",
          "Microsoft.Identity.Client": "4.45.0"
        }
      },
      "Microsoft.Bcl.AsyncInterfaces": {
        "type": "Transitive",
        "resolved": "1.1.1",
        "contentHash": "yuvf07qFWFqtK3P/MRkEKLhn5r2UbSpVueRziSqj0yJQIKFwG1pq9mOayK3zE5qZCTs0CbrwL9M6R8VwqyGy2w=="
      },
      "Microsoft.CSharp": {
        "type": "Transitive",
        "resolved": "4.5.0",
        "contentHash": "kaj6Wb4qoMuH3HySFJhxwQfe8R/sJsNJnANrvv8WdFPMoNbKY5htfNscv+LHCu5ipz+49m2e+WQXpLXr9XYemQ=="
      },
      "Microsoft.Identity.Client": {
        "type": "Transitive",
        "resolved": "4.48.0",
        "contentHash": "SIYTRxHm9FGWtH2lQ5gWGEf8BLtRlL4j32hYvdq4n7OHSXTiv7yziVqHOXZgFHK1zwQ03/gpa58FF8IO/Soeng==",
        "dependencies": {
          "Microsoft.IdentityModel.Abstractions": "6.22.0"
        }
      },
      "Microsoft.Identity.Client.Extensions.Msal": {
        "type": "Transitive",
        "resolved": "2.25.0",
        "contentHash": "wtmVHhWYTVIHEh2BowKoeoddoYrron3Jwnhb/uej6gynVBRYBvT204HRlbqQvpfLxg9DubR1U2HLRWlsa/gG7w==",
        "dependencies": {
          "Microsoft.Identity.Client": "4.48.0",
          "System.IO.FileSystem.AccessControl": "5.0.0",
          "System.Security.Cryptography.ProtectedData": "4.5.0"
        }
      },
      "Microsoft.IdentityModel.Abstractions": {
        "type": "Transitive",
        "resolved": "6.22.0",
        "contentHash": "iI+9V+2ciCrbheeLjpmjcqCnhy+r6yCoEcid3nkoFWerHgjVuT6CPM4HODUTtUPe1uwks4wcnAujJ8u+IKogHQ=="
      },
      "Microsoft.IO.RecyclableMemoryStream": {
        "type": "Transitive",
        "resolved": "2.2.0",
        "contentHash": "uyjY/cqomw1irT4L7lDeg4sJ36MsjHg3wKqpGrBAdzvZaxo85yMF+sAA9RIzTV92fDxuUzjqksMqA0+SNMkMgA=="
      },
      "Microsoft.NETCore.Platforms": {
        "type": "Transitive",
        "resolved": "5.0.0",
        "contentHash": "VyPlqzH2wavqquTcYpkIIAQ6WdenuKoFN0BdYBbCWsclXacSOHNQn66Gt4z5NBqEYW0FAPm5rlvki9ZiCij5xQ=="
      },
      "System.Buffers": {
        "type": "Transitive",
        "resolved": "4.5.1",
        "contentHash": "Rw7ijyl1qqRS0YQD/WycNst8hUUMgrMH4FCn1nNm27M4VxchZ1js3fVjQaANHO5f3sN4isvP4a+Met9Y4YomAg=="
      },
      "System.Collections.Immutable": {
        "type": "Transitive",
        "resolved": "5.0.0",
        "contentHash": "FXkLXiK0sVVewcso0imKQoOxjoPAj42R8HtjjbSjVPAzwDfzoyoznWxgA3c38LDbN9SJux1xXoXYAhz98j7r2g=="
      },
      "System.Diagnostics.DiagnosticSource": {
        "type": "Transitive",
        "resolved": "4.6.0",
        "contentHash": "mbBgoR0rRfl2uimsZ2avZY8g7Xnh1Mza0rJZLPcxqiMWlkGukjmRkuMJ/er+AhQuiRIh80CR/Hpeztr80seV5g=="
      },
      "System.IO.FileSystem.AccessControl": {
        "type": "Transitive",
        "resolved": "5.0.0",
        "contentHash": "SxHB3nuNrpptVk+vZ/F+7OHEpoHUIKKMl02bUmYHQr1r+glbZQxs7pRtsf4ENO29TVm2TH3AEeep2fJcy92oYw==",
        "dependencies": {
          "System.Security.AccessControl": "5.0.0",
          "System.Security.Principal.Windows": "5.0.0"
        }
      },
      "System.IO.Hashing": {
        "type": "Transitive",
        "resolved": "6.0.0",
        "contentHash": "Rfm2jYCaUeGysFEZjDe7j1R4x6Z6BzumS/vUT5a1AA/AWJuGX71PoGB0RmpyX3VmrGqVnAwtfMn39OHR8Y/5+g==",
        "dependencies": {
          "System.Buffers": "4.5.1",
          "System.Memory": "4.5.4"
        }
      },
      "System.Memory": {
        "type": "Transitive",
        "resolved": "4.5.4",
        "contentHash": "1MbJTHS1lZ4bS4FmsJjnuGJOu88ZzTT2rLvrhW7Ygic+pC0NWA+3hgAen0HRdsocuQXCkUTdFn9yHJJhsijDXw=="
      },
      "System.Memory.Data": {
        "type": "Transitive",
        "resolved": "1.0.2",
        "contentHash": "JGkzeqgBsiZwKJZ1IxPNsDFZDhUvuEdX8L8BDC8N3KOj+6zMcNU28CNN59TpZE/VJYy9cP+5M+sbxtWJx3/xtw==",
        "dependencies": {
          "System.Text.Encodings.Web": "4.7.2",
          "System.Text.Json": "4.6.0"
        }
      },
      "System.Numerics.Vectors": {
        "type": "Transitive",
        "resolved": "4.5.0",
        "contentHash": "QQTlPTl06J/iiDbJCiepZ4H//BVraReU4O4EoRw1U02H5TLUIT7xn3GnDp9AXPSlJUDyFs4uWjWafNX6WrAojQ=="
      },
      "System.Security.AccessControl": {
        "type": "Transitive",
        "resolved": "5.0.0",
        "contentHash": "dagJ1mHZO3Ani8GH0PHpPEe/oYO+rVdbQjvjJkBRNQkX4t0r1iaeGn8+/ybkSLEan3/slM0t59SVdHzuHf2jmw==",
        "dependencies": {
          "Microsoft.NETCore.Platforms": "5.0.0",
          "System.Security.Principal.Windows": "5.0.0"
        }
      },
      "System.Security.Cryptography.Cng": {
        "type": "Transitive",
        "resolved": "4.5.0",
        "contentHash": "WG3r7EyjUe9CMPFSs6bty5doUqT+q9pbI80hlNzo2SkPkZ4VTuZkGWjpp77JB8+uaL4DFPRdBsAY+DX3dBK92A=="
      },
      "System.Security.Cryptography.ProtectedData": {
        "type": "Transitive",
        "resolved": "4.5.0",
        "contentHash": "wLBKzFnDCxP12VL9ANydSYhk59fC4cvOr9ypYQLPnAj48NQIhqnjdD2yhP8yEKyBJEjERWS9DisKL7rX5eU25Q=="
      },
      "System.Security.Principal.Windows": {
        "type": "Transitive",
        "resolved": "5.0.0",
        "contentHash": "t0MGLukB5WAVU9bO3MGzvlGnyJPgUlcwerXn1kzBRjwLKixT96XV0Uza41W49gVd8zEMFu9vQEFlv0IOrytICA=="
      },
      "System.Text.Encodings.Web": {
        "type": "Transitive",
        "resolved": "4.7.2",
        "contentHash": "iTUgB/WtrZ1sWZs84F2hwyQhiRH6QNjQv2DkwrH+WP6RoFga2Q1m3f9/Q7FG8cck8AdHitQkmkXSY8qylcDmuA=="
      },
      "System.Text.Json": {
        "type": "Transitive",
        "resolved": "4.7.2",
        "contentHash": "TcMd95wcrubm9nHvJEQs70rC0H/8omiSGGpU4FQ/ZA1URIqD4pjmFJh2Mfv1yH1eHgJDWTi2hMDXwTET+zOOyg=="
      },
      "System.Threading.Tasks.Extensions": {
        "type": "Transitive",
        "resolved": "4.5.4",
        "contentHash": "zteT+G8xuGu6mS+mzDzYXbzS7rd3K6Fjb9RiZlYlJPam2/hU7JCBZBVEcywNuR+oZ1ncTvc/cq0faRr3P01OVg=="
      },
      "Newtonsoft.Json": {
        "type": "CentralTransitive",
        "requested": "[13.0.2, )",
        "resolved": "13.0.2",
        "contentHash": "R2pZ3B0UjeyHShm9vG+Tu0EBb2lC8b0dFzV9gVn50ofHXh9Smjk6kTn7A/FdAsC8B5cKib1OnGYOXxRBz5XQDg=="
      }
    }
  }
}